
Microsoft Visual Studio Solution File, Format Version 12.00
# Visual Studio Version 16
VisualStudioVersion = 16.0.30413.136
MinimumVisualStudioVersion = 10.0.40219.1
Project("{FAE04EC0-301F-11D3-BF4B-00C04F79EFBC}") = "Town Idea Generator CS", "Town Idea Generator CS\Town Idea Generator CS.csproj", "{82FADDD3-32FC-41E1-91FD-6FDD9D2AFA93}"
EndProject
Global
	GlobalSection(SolutionConfigurationPlatforms) = preSolution
		Debug|Any CPU = Debug|Any CPU
		Release|Any CPU = Release|Any CPU
	EndGlobalSection
	GlobalSection(ProjectConfigurationPlatforms) = postSolution
		{82FADDD3-32FC-41E1-91FD-6FDD9D2AFA93}.Debug|Any CPU.ActiveCfg = Debug|Any CPU
		{82FADDD3-32FC-41E1-91FD-6FDD9D2AFA93}.Debug|Any CPU.Build.0 = Debug|Any CPU
		{82FADDD3-32FC-41E1-91FD-6FDD9D2AFA93}.Release|Any CPU.ActiveCfg = Release|Any CPU
		{82FADDD3-32FC-41E1-91FD-6FDD9D2AFA93}.Release|Any CPU.Build.0 = Release|Any CPU
	EndGlobalSection
	GlobalSection(SolutionProperties) = preSolution
		HideSolutionNode = FALSE
	EndGlobalSection
	GlobalSection(ExtensibilityGlobals) = postSolution
		SolutionGuid = {DC6D98F8-07C8-4352-94FC-25EE387D5DD2}
	EndGlobalSection
EndGlobal
